# Prisma Migrate lockfile v1

20210704193656-refresh-migrations-v20
20210705145927-form-add-helper-text
20210705154318-add-opacity-to-workspace
20210709104828-dashboard---add-optional-placeholder-field-to-form-node-field
20210724155149-create-subscription-model
20210724160945-connect-consumer-to-workspace