# Prisma Migrate lockfile v1

<<<<<<< HEAD
20201110034050-restart
20201118221718-added-form-node
=======
20201202120111-reset2
20201202120951-adjust-range-to-optional
20201202121647-made-slide-multiple
20201203145348-explicit-key
20201203151120-markers-to-float
20201203153504-change-id
>>>>>>> master
